<?xml version="1.0" encoding="utf-8"?>
<Project ToolsVersion="4.0" xmlns="http://schemas.microsoft.com/developer/msbuild/2003">
  <ItemGroup>
    <Filter Include="Source Files">
      <UniqueIdentifier>{4FC737F1-C7A5-4376-A066-2A32D752A2FF}</UniqueIdentifier>
      <Extensions>cpp;c;cc;cxx;def;odl;idl;hpj;bat;asm;asmx</Extensions>
    </Filter>
    <Filter Include="Header Files">
      <UniqueIdentifier>{93995380-89BD-4b04-88EB-625FBE52EBFB}</UniqueIdentifier>
      <Extensions>h;hh;hpp;hxx;hm;inl;inc;xsd</Extensions>
    </Filter>
    <Filter Include="Resource Files">
      <UniqueIdentifier>{67DA6AB6-F800-4c08-8B7A-83BB121AAD01}</UniqueIdentifier>
      <Extensions>rc;ico;cur;bmp;dlg;rc2;rct;bin;rgs;gif;jpg;jpeg;jpe;resx;tiff;tif;png;wav;mfcribbon-ms</Extensions>
    </Filter>
  </ItemGroup>
  <ItemGroup>
    <ClInclude Include="..\dcf77_bit_sequence_fitted.h">
      <Filter>Header Files</Filter>
    </ClInclude>
    <ClInclude Include="..\dcf77_hilbert.h">
      <Filter>Header Files</Filter>
    </ClInclude>
    <ClInclude Include="..\dcf77_defines.h">
      <Filter>Header Files</Filter>
    </ClInclude>
    <ClInclude Include="..\dcf77_includes.h">
      <Filter>Header Files</Filter>
    </ClInclude>
    <ClInclude Include="..\dcf77_prototypes.h">
      <Filter>Header Files</Filter>
    </ClInclude>
    <ClInclude Include="..\dcf77_typedefs.h">
      <Filter>Header Files</Filter>
    </ClInclude>
  </ItemGroup>
  <ItemGroup>
    <ClCompile Include="..\fftSimu.c">
      <Filter>Source Files</Filter>
    </ClCompile>
    <ClCompile Include="..\dcf77_bitdecoder.c">
      <Filter>Source Files</Filter>
    </ClCompile>
    <ClCompile Include="..\dcf77_main.c">
      <Filter>Source Files</Filter>
    </ClCompile>
    <ClCompile Include="..\dcf77_sshortToFloat.c">
      <Filter>Source Files</Filter>
    </ClCompile>
    <ClCompile Include="..\dcf77_dataAcquisition.c">
      <Filter>Source Files</Filter>
    </ClCompile>
    <ClCompile Include="..\dcf77_swapCompPoint.c">
      <Filter>Source Files</Filter>
    </ClCompile>
    <ClCompile Include="..\dcf77_readDataFromFile.c">
      <Filter>Source Files</Filter>
    </ClCompile>
    <ClCompile Include="..\digitrev_index.c">
      <Filter>Source Files</Filter>
    </ClCompile>
    <ClCompile Include="..\bitrevSimu.c">
      <Filter>Source Files</Filter>
    </ClCompile>
    <ClCompile Include="..\dcf77_writeDataToFile.c">
      <Filter>Source Files</Filter>
    </ClCompile>
    <ClCompile Include="..\dcf77_calcCorr.c">
      <Filter>Source Files</Filter>
    </ClCompile>
    <ClCompile Include="..\FIR_filter_ANSI_C_float.c">
      <Filter>Source Files</Filter>
    </ClCompile>
    <ClCompile Include="..\dcf77_bit_decider.c">
      <Filter>Source Files</Filter>
    </ClCompile>
    <ClCompile Include="..\dcf77_medFilt.c">
      <Filter>Source Files</Filter>
    </ClCompile>
    <ClCompile Include="..\dcf77_sortBub.c">
      <Filter>Source Files</Filter>
    </ClCompile>
    <ClCompile Include="..\dcf77_pll.c">
      <Filter>Source Files</Filter>
    </ClCompile>
    <ClCompile Include="..\dcf77_loop_filter.c">
      <Filter>Source Files</Filter>
    </ClCompile>
    <ClCompile Include="..\dcf77_phase_detector.c">
      <Filter>Source Files</Filter>
    </ClCompile>
    <ClCompile Include="..\dcf77_vco.c">
      <Filter>Source Files</Filter>
    </ClCompile>
    <ClCompile Include="..\IIR_DF1.c">
      <Filter>Source Files</Filter>
    </ClCompile>
    <ClCompile Include="..\dcf77_searchMax.c">
      <Filter>Source Files</Filter>
    </ClCompile>
  </ItemGroup>
</Project>